// !$*UTF8*$!
{
	archiveVersion = 1;
	classes = {
	};
	objectVersion = 55;
	objects = {

/* Begin PBXBuildFile section */
		3D0362302765139B0026ED8B /* RouteStatusView.swift in Sources */ = {isa = PBXBuildFile; fileRef = 3D03622F2765139B0026ED8B /* RouteStatusView.swift */; };
		3D0362322765BBC80026ED8B /* GoodServiceHeaderView.swift in Sources */ = {isa = PBXBuildFile; fileRef = 3D0362312765BBC80026ED8B /* GoodServiceHeaderView.swift */; };
		3D1DFD812763A6C80036DDAF /* RouteListTab.swift in Sources */ = {isa = PBXBuildFile; fileRef = 3D1DFD802763A6C80036DDAF /* RouteListTab.swift */; };
		3D20AD1A274C65B200DC288E /* HorizontalRouteListView.swift in Sources */ = {isa = PBXBuildFile; fileRef = 3D20AD19274C65B200DC288E /* HorizontalRouteListView.swift */; };
		3D20AD1D274C664D00DC288E /* GoodServiceViewModel.swift in Sources */ = {isa = PBXBuildFile; fileRef = 3D20AD1C274C664D00DC288E /* GoodServiceViewModel.swift */; };
		3D20AD2027542B4300DC288E /* Extensions.swift in Sources */ = {isa = PBXBuildFile; fileRef = 3D20AD1F27542B4300DC288E /* Extensions.swift */; };
		3D20AD2227543E6800DC288E /* RouteViewModel.swift in Sources */ = {isa = PBXBuildFile; fileRef = 3D20AD2127543E6800DC288E /* RouteViewModel.swift */; };
		3D20AD252762454F00DC288E /* WrappingHStack in Frameworks */ = {isa = PBXBuildFile; productRef = 3D20AD242762454F00DC288E /* WrappingHStack */; };
		3D2D1A12272DC04A008BF58D /* Tests_iOS.swift in Sources */ = {isa = PBXBuildFile; fileRef = 3D2D1A11272DC04A008BF58D /* Tests_iOS.swift */; };
		3D2D1A14272DC04A008BF58D /* Tests_iOSLaunchTests.swift in Sources */ = {isa = PBXBuildFile; fileRef = 3D2D1A13272DC04A008BF58D /* Tests_iOSLaunchTests.swift */; };
		3D2D1A1E272DC04A008BF58D /* Tests_macOS.swift in Sources */ = {isa = PBXBuildFile; fileRef = 3D2D1A1D272DC04A008BF58D /* Tests_macOS.swift */; };
		3D2D1A20272DC04A008BF58D /* Tests_macOSLaunchTests.swift in Sources */ = {isa = PBXBuildFile; fileRef = 3D2D1A1F272DC04A008BF58D /* Tests_macOSLaunchTests.swift */; };
		3D2D1A21272DC04A008BF58D /* GoodServiceIO_Simple.xcdatamodeld in Sources */ = {isa = PBXBuildFile; fileRef = 3D2D19F6272DC049008BF58D /* GoodServiceIO_Simple.xcdatamodeld */; };
		3D2D1A22272DC04A008BF58D /* GoodServiceIO_Simple.xcdatamodeld in Sources */ = {isa = PBXBuildFile; fileRef = 3D2D19F6272DC049008BF58D /* GoodServiceIO_Simple.xcdatamodeld */; };
		3D2D1A23272DC04A008BF58D /* GoodServiceIO_SimpleApp.swift in Sources */ = {isa = PBXBuildFile; fileRef = 3D2D19F8272DC049008BF58D /* GoodServiceIO_SimpleApp.swift */; };
		3D2D1A24272DC04A008BF58D /* GoodServiceIO_SimpleApp.swift in Sources */ = {isa = PBXBuildFile; fileRef = 3D2D19F8272DC049008BF58D /* GoodServiceIO_SimpleApp.swift */; };
		3D2D1A25272DC04A008BF58D /* ContentView.swift in Sources */ = {isa = PBXBuildFile; fileRef = 3D2D19F9272DC049008BF58D /* ContentView.swift */; };
		3D2D1A26272DC04A008BF58D /* ContentView.swift in Sources */ = {isa = PBXBuildFile; fileRef = 3D2D19F9272DC049008BF58D /* ContentView.swift */; };
		3D2D1A27272DC04A008BF58D /* Persistence.swift in Sources */ = {isa = PBXBuildFile; fileRef = 3D2D19FA272DC049008BF58D /* Persistence.swift */; };
		3D2D1A28272DC04A008BF58D /* Persistence.swift in Sources */ = {isa = PBXBuildFile; fileRef = 3D2D19FA272DC049008BF58D /* Persistence.swift */; };
		3D2D1A29272DC04A008BF58D /* Assets.xcassets in Resources */ = {isa = PBXBuildFile; fileRef = 3D2D19FB272DC04A008BF58D /* Assets.xcassets */; };
		3D2D1A2A272DC04A008BF58D /* Assets.xcassets in Resources */ = {isa = PBXBuildFile; fileRef = 3D2D19FB272DC04A008BF58D /* Assets.xcassets */; };
		3D56A0FB276EA0CA00E65748 /* RouteDetailView.swift in Sources */ = {isa = PBXBuildFile; fileRef = 3D56A0FA276EA0CA00E65748 /* RouteDetailView.swift */; };
		3D56A0FE276F8FA600E65748 /* RouteIconView.swift in Sources */ = {isa = PBXBuildFile; fileRef = 3D56A0FD276F8FA600E65748 /* RouteIconView.swift */; };
		3D56A102276FBB4600E65748 /* RouteDetailResponse.swift in Sources */ = {isa = PBXBuildFile; fileRef = 3D56A101276FBB4600E65748 /* RouteDetailResponse.swift */; };
		3D56A104276FBB9F00E65748 /* RouteDetailViewModel.swift in Sources */ = {isa = PBXBuildFile; fileRef = 3D56A103276FBB9F00E65748 /* RouteDetailViewModel.swift */; };
		3D56A106276FBEAA00E65748 /* route.json in Resources */ = {isa = PBXBuildFile; fileRef = 3D56A105276FBEAA00E65748 /* route.json */; };
		3D8AE493277C1F7400079C6B /* StationListTab.swift in Sources */ = {isa = PBXBuildFile; fileRef = 3D8AE492277C1F7400079C6B /* StationListTab.swift */; };
		3D8AE495277C22FD00079C6B /* StationViewModel.swift in Sources */ = {isa = PBXBuildFile; fileRef = 3D8AE494277C22FD00079C6B /* StationViewModel.swift */; };
		3D8AE497277C2CA300079C6B /* StationDetailViewModel.swift in Sources */ = {isa = PBXBuildFile; fileRef = 3D8AE496277C2CA300079C6B /* StationDetailViewModel.swift */; };
		3D8AE499277C2E7100079C6B /* stop.json in Resources */ = {isa = PBXBuildFile; fileRef = 3D8AE498277C2E7100079C6B /* stop.json */; };
		3D8AE49B277C2EBC00079C6B /* StopDetailResponse.swift in Sources */ = {isa = PBXBuildFile; fileRef = 3D8AE49A277C2EBC00079C6B /* StopDetailResponse.swift */; };
		3DF62F74272EEBDA0053D299 /* GoodServiceFetcher.swift in Sources */ = {isa = PBXBuildFile; fileRef = 3DF62F73272EEBDA0053D299 /* GoodServiceFetcher.swift */; };
		3DF62F77272EEDE00053D299 /* TestData.swift in Sources */ = {isa = PBXBuildFile; fileRef = 3DF62F76272EEDE00053D299 /* TestData.swift */; };
		3DF62F79272EEE230053D299 /* routes.json in Resources */ = {isa = PBXBuildFile; fileRef = 3DF62F78272EEE230053D299 /* routes.json */; };
		3DF62F7B272EEE370053D299 /* stops.json in Resources */ = {isa = PBXBuildFile; fileRef = 3DF62F7A272EEE370053D299 /* stops.json */; };
		3DF62F7D27337C340053D299 /* RoutesResponse.swift in Sources */ = {isa = PBXBuildFile; fileRef = 3DF62F7C27337C340053D299 /* RoutesResponse.swift */; };
		3DF62F7F27337F670053D299 /* StopsResponse.swift in Sources */ = {isa = PBXBuildFile; fileRef = 3DF62F7E27337F670053D299 /* StopsResponse.swift */; };
		3DF62F81273382580053D299 /* GoodServiceError.swift in Sources */ = {isa = PBXBuildFile; fileRef = 3DF62F80273382580053D299 /* GoodServiceError.swift */; };
/* End PBXBuildFile section */

/* Begin PBXContainerItemProxy section */
		3D2D1A0E272DC04A008BF58D /* PBXContainerItemProxy */ = {
			isa = PBXContainerItemProxy;
			containerPortal = 3D2D19F1272DC049008BF58D /* Project object */;
			proxyType = 1;
			remoteGlobalIDString = 3D2D19FF272DC04A008BF58D;
			remoteInfo = "GoodServiceIO-Simple (iOS)";
		};
		3D2D1A1A272DC04A008BF58D /* PBXContainerItemProxy */ = {
			isa = PBXContainerItemProxy;
			containerPortal = 3D2D19F1272DC049008BF58D /* Project object */;
			proxyType = 1;
			remoteGlobalIDString = 3D2D1A05272DC04A008BF58D;
			remoteInfo = "GoodServiceIO-Simple (macOS)";
		};
/* End PBXContainerItemProxy section */

/* Begin PBXFileReference section */
		3D03622F2765139B0026ED8B /* RouteStatusView.swift */ = {isa = PBXFileReference; lastKnownFileType = sourcecode.swift; path = RouteStatusView.swift; sourceTree = "<group>"; };
		3D0362312765BBC80026ED8B /* GoodServiceHeaderView.swift */ = {isa = PBXFileReference; lastKnownFileType = sourcecode.swift; path = GoodServiceHeaderView.swift; sourceTree = "<group>"; };
		3D1DFD802763A6C80036DDAF /* RouteListTab.swift */ = {isa = PBXFileReference; lastKnownFileType = sourcecode.swift; path = RouteListTab.swift; sourceTree = "<group>"; };
		3D20AD19274C65B200DC288E /* HorizontalRouteListView.swift */ = {isa = PBXFileReference; lastKnownFileType = sourcecode.swift; path = HorizontalRouteListView.swift; sourceTree = "<group>"; };
		3D20AD1C274C664D00DC288E /* GoodServiceViewModel.swift */ = {isa = PBXFileReference; lastKnownFileType = sourcecode.swift; path = GoodServiceViewModel.swift; sourceTree = "<group>"; };
		3D20AD1F27542B4300DC288E /* Extensions.swift */ = {isa = PBXFileReference; lastKnownFileType = sourcecode.swift; path = Extensions.swift; sourceTree = "<group>"; };
		3D20AD2127543E6800DC288E /* RouteViewModel.swift */ = {isa = PBXFileReference; lastKnownFileType = sourcecode.swift; path = RouteViewModel.swift; sourceTree = "<group>"; };
		3D2D19F7272DC049008BF58D /* Shared.xcdatamodel */ = {isa = PBXFileReference; lastKnownFileType = wrapper.xcdatamodel; path = Shared.xcdatamodel; sourceTree = "<group>"; };
		3D2D19F8272DC049008BF58D /* GoodServiceIO_SimpleApp.swift */ = {isa = PBXFileReference; lastKnownFileType = sourcecode.swift; path = GoodServiceIO_SimpleApp.swift; sourceTree = "<group>"; };
		3D2D19F9272DC049008BF58D /* ContentView.swift */ = {isa = PBXFileReference; lastKnownFileType = sourcecode.swift; path = ContentView.swift; sourceTree = "<group>"; };
		3D2D19FA272DC049008BF58D /* Persistence.swift */ = {isa = PBXFileReference; lastKnownFileType = sourcecode.swift; path = Persistence.swift; sourceTree = "<group>"; };
		3D2D19FB272DC04A008BF58D /* Assets.xcassets */ = {isa = PBXFileReference; lastKnownFileType = folder.assetcatalog; path = Assets.xcassets; sourceTree = "<group>"; };
		3D2D1A00272DC04A008BF58D /* GoodServiceIO-Simple.app */ = {isa = PBXFileReference; explicitFileType = wrapper.application; includeInIndex = 0; path = "GoodServiceIO-Simple.app"; sourceTree = BUILT_PRODUCTS_DIR; };
		3D2D1A06272DC04A008BF58D /* GoodServiceIO-Simple.app */ = {isa = PBXFileReference; explicitFileType = wrapper.application; includeInIndex = 0; path = "GoodServiceIO-Simple.app"; sourceTree = BUILT_PRODUCTS_DIR; };
		3D2D1A08272DC04A008BF58D /* macOS.entitlements */ = {isa = PBXFileReference; lastKnownFileType = text.plist.entitlements; path = macOS.entitlements; sourceTree = "<group>"; };
		3D2D1A0D272DC04A008BF58D /* Tests iOS.xctest */ = {isa = PBXFileReference; explicitFileType = wrapper.cfbundle; includeInIndex = 0; path = "Tests iOS.xctest"; sourceTree = BUILT_PRODUCTS_DIR; };
		3D2D1A11272DC04A008BF58D /* Tests_iOS.swift */ = {isa = PBXFileReference; lastKnownFileType = sourcecode.swift; path = Tests_iOS.swift; sourceTree = "<group>"; };
		3D2D1A13272DC04A008BF58D /* Tests_iOSLaunchTests.swift */ = {isa = PBXFileReference; lastKnownFileType = sourcecode.swift; path = Tests_iOSLaunchTests.swift; sourceTree = "<group>"; };
		3D2D1A19272DC04A008BF58D /* Tests macOS.xctest */ = {isa = PBXFileReference; explicitFileType = wrapper.cfbundle; includeInIndex = 0; path = "Tests macOS.xctest"; sourceTree = BUILT_PRODUCTS_DIR; };
		3D2D1A1D272DC04A008BF58D /* Tests_macOS.swift */ = {isa = PBXFileReference; lastKnownFileType = sourcecode.swift; path = Tests_macOS.swift; sourceTree = "<group>"; };
		3D2D1A1F272DC04A008BF58D /* Tests_macOSLaunchTests.swift */ = {isa = PBXFileReference; lastKnownFileType = sourcecode.swift; path = Tests_macOSLaunchTests.swift; sourceTree = "<group>"; };
		3D56A0FA276EA0CA00E65748 /* RouteDetailView.swift */ = {isa = PBXFileReference; lastKnownFileType = sourcecode.swift; path = RouteDetailView.swift; sourceTree = "<group>"; };
		3D56A0FD276F8FA600E65748 /* RouteIconView.swift */ = {isa = PBXFileReference; lastKnownFileType = sourcecode.swift; path = RouteIconView.swift; sourceTree = "<group>"; };
		3D56A101276FBB4600E65748 /* RouteDetailResponse.swift */ = {isa = PBXFileReference; lastKnownFileType = sourcecode.swift; path = RouteDetailResponse.swift; sourceTree = "<group>"; };
		3D56A103276FBB9F00E65748 /* RouteDetailViewModel.swift */ = {isa = PBXFileReference; lastKnownFileType = sourcecode.swift; path = RouteDetailViewModel.swift; sourceTree = "<group>"; };
		3D56A105276FBEAA00E65748 /* route.json */ = {isa = PBXFileReference; lastKnownFileType = text.json; path = route.json; sourceTree = "<group>"; };
		3D8AE492277C1F7400079C6B /* StationListTab.swift */ = {isa = PBXFileReference; lastKnownFileType = sourcecode.swift; path = StationListTab.swift; sourceTree = "<group>"; };
		3D8AE494277C22FD00079C6B /* StationViewModel.swift */ = {isa = PBXFileReference; lastKnownFileType = sourcecode.swift; path = StationViewModel.swift; sourceTree = "<group>"; };
		3D8AE496277C2CA300079C6B /* StationDetailViewModel.swift */ = {isa = PBXFileReference; lastKnownFileType = sourcecode.swift; path = StationDetailViewModel.swift; sourceTree = "<group>"; };
		3D8AE498277C2E7100079C6B /* stop.json */ = {isa = PBXFileReference; lastKnownFileType = text.json; path = stop.json; sourceTree = "<group>"; };
		3D8AE49A277C2EBC00079C6B /* StopDetailResponse.swift */ = {isa = PBXFileReference; lastKnownFileType = sourcecode.swift; path = StopDetailResponse.swift; sourceTree = "<group>"; };
		3DF62F73272EEBDA0053D299 /* GoodServiceFetcher.swift */ = {isa = PBXFileReference; lastKnownFileType = sourcecode.swift; path = GoodServiceFetcher.swift; sourceTree = "<group>"; };
		3DF62F76272EEDE00053D299 /* TestData.swift */ = {isa = PBXFileReference; lastKnownFileType = sourcecode.swift; path = TestData.swift; sourceTree = "<group>"; };
		3DF62F78272EEE230053D299 /* routes.json */ = {isa = PBXFileReference; lastKnownFileType = text.json; path = routes.json; sourceTree = "<group>"; };
		3DF62F7A272EEE370053D299 /* stops.json */ = {isa = PBXFileReference; lastKnownFileType = text.json; path = stops.json; sourceTree = "<group>"; };
		3DF62F7C27337C340053D299 /* RoutesResponse.swift */ = {isa = PBXFileReference; lastKnownFileType = sourcecode.swift; path = RoutesResponse.swift; sourceTree = "<group>"; };
		3DF62F7E27337F670053D299 /* StopsResponse.swift */ = {isa = PBXFileReference; lastKnownFileType = sourcecode.swift; path = StopsResponse.swift; sourceTree = "<group>"; };
		3DF62F80273382580053D299 /* GoodServiceError.swift */ = {isa = PBXFileReference; lastKnownFileType = sourcecode.swift; path = GoodServiceError.swift; sourceTree = "<group>"; };
/* End PBXFileReference section */

/* Begin PBXFrameworksBuildPhase section */
		3D2D19FD272DC04A008BF58D /* Frameworks */ = {
			isa = PBXFrameworksBuildPhase;
			buildActionMask = 2147483647;
			files = (
				3D20AD252762454F00DC288E /* WrappingHStack in Frameworks */,
			);
			runOnlyForDeploymentPostprocessing = 0;
		};
		3D2D1A03272DC04A008BF58D /* Frameworks */ = {
			isa = PBXFrameworksBuildPhase;
			buildActionMask = 2147483647;
			files = (
			);
			runOnlyForDeploymentPostprocessing = 0;
		};
		3D2D1A0A272DC04A008BF58D /* Frameworks */ = {
			isa = PBXFrameworksBuildPhase;
			buildActionMask = 2147483647;
			files = (
			);
			runOnlyForDeploymentPostprocessing = 0;
		};
		3D2D1A16272DC04A008BF58D /* Frameworks */ = {
			isa = PBXFrameworksBuildPhase;
			buildActionMask = 2147483647;
			files = (
			);
			runOnlyForDeploymentPostprocessing = 0;
		};
/* End PBXFrameworksBuildPhase section */

/* Begin PBXGroup section */
		3D20AD17274C656200DC288E /* Tabs */ = {
			isa = PBXGroup;
			children = (
				3D1DFD802763A6C80036DDAF /* RouteListTab.swift */,
				3D8AE492277C1F7400079C6B /* StationListTab.swift */,
			);
			path = Tabs;
			sourceTree = "<group>";
		};
		3D20AD18274C657400DC288E /* Components */ = {
			isa = PBXGroup;
			children = (
				3D20AD19274C65B200DC288E /* HorizontalRouteListView.swift */,
				3D03622F2765139B0026ED8B /* RouteStatusView.swift */,
				3D0362312765BBC80026ED8B /* GoodServiceHeaderView.swift */,
				3D56A0FA276EA0CA00E65748 /* RouteDetailView.swift */,
				3D56A0FD276F8FA600E65748 /* RouteIconView.swift */,
			);
			path = Components;
			sourceTree = "<group>";
		};
		3D20AD1B274C65CF00DC288E /* ViewModels */ = {
			isa = PBXGroup;
			children = (
				3D20AD1C274C664D00DC288E /* GoodServiceViewModel.swift */,
				3D20AD2127543E6800DC288E /* RouteViewModel.swift */,
				3D56A103276FBB9F00E65748 /* RouteDetailViewModel.swift */,
				3D8AE494277C22FD00079C6B /* StationViewModel.swift */,
				3D8AE496277C2CA300079C6B /* StationDetailViewModel.swift */,
			);
			path = ViewModels;
			sourceTree = "<group>";
		};
		3D20AD1E27542B3800DC288E /* Utils */ = {
			isa = PBXGroup;
			children = (
				3D20AD1F27542B4300DC288E /* Extensions.swift */,
			);
			path = Utils;
			sourceTree = "<group>";
		};
		3D2D19F0272DC049008BF58D = {
			isa = PBXGroup;
			children = (
				3D2D19F5272DC049008BF58D /* Shared */,
				3D2D1A07272DC04A008BF58D /* macOS */,
				3D2D1A10272DC04A008BF58D /* Tests iOS */,
				3D2D1A1C272DC04A008BF58D /* Tests macOS */,
				3D2D1A01272DC04A008BF58D /* Products */,
			);
			sourceTree = "<group>";
		};
		3D2D19F5272DC049008BF58D /* Shared */ = {
			isa = PBXGroup;
			children = (
				3D20AD18274C657400DC288E /* Components */,
				3D20AD17274C656200DC288E /* Tabs */,
				3D2D19F8272DC049008BF58D /* GoodServiceIO_SimpleApp.swift */,
				3D2D19F9272DC049008BF58D /* ContentView.swift */,
				3D2D19FA272DC049008BF58D /* Persistence.swift */,
				3D20AD1B274C65CF00DC288E /* ViewModels */,
				3DF62F72272EEB830053D299 /* GoodServiceAPI */,
				3D20AD1E27542B3800DC288E /* Utils */,
				3DF62F75272EEDB80053D299 /* PreviewData */,
				3D2D19FB272DC04A008BF58D /* Assets.xcassets */,
				3D2D19F6272DC049008BF58D /* GoodServiceIO_Simple.xcdatamodeld */,
			);
			path = Shared;
			sourceTree = "<group>";
		};
		3D2D1A01272DC04A008BF58D /* Products */ = {
			isa = PBXGroup;
			children = (
				3D2D1A00272DC04A008BF58D /* GoodServiceIO-Simple.app */,
				3D2D1A06272DC04A008BF58D /* GoodServiceIO-Simple.app */,
				3D2D1A0D272DC04A008BF58D /* Tests iOS.xctest */,
				3D2D1A19272DC04A008BF58D /* Tests macOS.xctest */,
			);
			name = Products;
			sourceTree = "<group>";
		};
		3D2D1A07272DC04A008BF58D /* macOS */ = {
			isa = PBXGroup;
			children = (
				3D2D1A08272DC04A008BF58D /* macOS.entitlements */,
			);
			path = macOS;
			sourceTree = "<group>";
		};
		3D2D1A10272DC04A008BF58D /* Tests iOS */ = {
			isa = PBXGroup;
			children = (
				3D2D1A11272DC04A008BF58D /* Tests_iOS.swift */,
				3D2D1A13272DC04A008BF58D /* Tests_iOSLaunchTests.swift */,
			);
			path = "Tests iOS";
			sourceTree = "<group>";
		};
		3D2D1A1C272DC04A008BF58D /* Tests macOS */ = {
			isa = PBXGroup;
			children = (
				3D2D1A1D272DC04A008BF58D /* Tests_macOS.swift */,
				3D2D1A1F272DC04A008BF58D /* Tests_macOSLaunchTests.swift */,
			);
			path = "Tests macOS";
			sourceTree = "<group>";
		};
		3DF62F72272EEB830053D299 /* GoodServiceAPI */ = {
			isa = PBXGroup;
			children = (
				3DF62F73272EEBDA0053D299 /* GoodServiceFetcher.swift */,
				3DF62F7C27337C340053D299 /* RoutesResponse.swift */,
				3DF62F7E27337F670053D299 /* StopsResponse.swift */,
				3DF62F80273382580053D299 /* GoodServiceError.swift */,
				3D56A101276FBB4600E65748 /* RouteDetailResponse.swift */,
				3D8AE49A277C2EBC00079C6B /* StopDetailResponse.swift */,
			);
			path = GoodServiceAPI;
			sourceTree = "<group>";
		};
		3DF62F75272EEDB80053D299 /* PreviewData */ = {
			isa = PBXGroup;
			children = (
				3DF62F76272EEDE00053D299 /* TestData.swift */,
				3DF62F78272EEE230053D299 /* routes.json */,
				3DF62F7A272EEE370053D299 /* stops.json */,
				3D56A105276FBEAA00E65748 /* route.json */,
				3D8AE498277C2E7100079C6B /* stop.json */,
			);
			path = PreviewData;
			sourceTree = "<group>";
		};
/* End PBXGroup section */

/* Begin PBXNativeTarget section */
		3D2D19FF272DC04A008BF58D /* GoodServiceIO-Simple (iOS) */ = {
			isa = PBXNativeTarget;
			buildConfigurationList = 3D2D1A2D272DC04A008BF58D /* Build configuration list for PBXNativeTarget "GoodServiceIO-Simple (iOS)" */;
			buildPhases = (
				3D2D19FC272DC04A008BF58D /* Sources */,
				3D2D19FD272DC04A008BF58D /* Frameworks */,
				3D2D19FE272DC04A008BF58D /* Resources */,
			);
			buildRules = (
			);
			dependencies = (
			);
			name = "GoodServiceIO-Simple (iOS)";
			packageProductDependencies = (
				3D20AD242762454F00DC288E /* WrappingHStack */,
			);
			productName = "GoodServiceIO-Simple (iOS)";
			productReference = 3D2D1A00272DC04A008BF58D /* GoodServiceIO-Simple.app */;
			productType = "com.apple.product-type.application";
		};
		3D2D1A05272DC04A008BF58D /* GoodServiceIO-Simple (macOS) */ = {
			isa = PBXNativeTarget;
			buildConfigurationList = 3D2D1A30272DC04A008BF58D /* Build configuration list for PBXNativeTarget "GoodServiceIO-Simple (macOS)" */;
			buildPhases = (
				3D2D1A02272DC04A008BF58D /* Sources */,
				3D2D1A03272DC04A008BF58D /* Frameworks */,
				3D2D1A04272DC04A008BF58D /* Resources */,
			);
			buildRules = (
			);
			dependencies = (
			);
			name = "GoodServiceIO-Simple (macOS)";
			productName = "GoodServiceIO-Simple (macOS)";
			productReference = 3D2D1A06272DC04A008BF58D /* GoodServiceIO-Simple.app */;
			productType = "com.apple.product-type.application";
		};
		3D2D1A0C272DC04A008BF58D /* Tests iOS */ = {
			isa = PBXNativeTarget;
			buildConfigurationList = 3D2D1A33272DC04A008BF58D /* Build configuration list for PBXNativeTarget "Tests iOS" */;
			buildPhases = (
				3D2D1A09272DC04A008BF58D /* Sources */,
				3D2D1A0A272DC04A008BF58D /* Frameworks */,
				3D2D1A0B272DC04A008BF58D /* Resources */,
			);
			buildRules = (
			);
			dependencies = (
				3D2D1A0F272DC04A008BF58D /* PBXTargetDependency */,
			);
			name = "Tests iOS";
			productName = "Tests iOS";
			productReference = 3D2D1A0D272DC04A008BF58D /* Tests iOS.xctest */;
			productType = "com.apple.product-type.bundle.ui-testing";
		};
		3D2D1A18272DC04A008BF58D /* Tests macOS */ = {
			isa = PBXNativeTarget;
			buildConfigurationList = 3D2D1A36272DC04A008BF58D /* Build configuration list for PBXNativeTarget "Tests macOS" */;
			buildPhases = (
				3D2D1A15272DC04A008BF58D /* Sources */,
				3D2D1A16272DC04A008BF58D /* Frameworks */,
				3D2D1A17272DC04A008BF58D /* Resources */,
			);
			buildRules = (
			);
			dependencies = (
				3D2D1A1B272DC04A008BF58D /* PBXTargetDependency */,
			);
			name = "Tests macOS";
			productName = "Tests macOS";
			productReference = 3D2D1A19272DC04A008BF58D /* Tests macOS.xctest */;
			productType = "com.apple.product-type.bundle.ui-testing";
		};
/* End PBXNativeTarget section */

/* Begin PBXProject section */
		3D2D19F1272DC049008BF58D /* Project object */ = {
			isa = PBXProject;
			attributes = {
				BuildIndependentTargetsInParallel = 1;
				LastSwiftUpdateCheck = 1310;
				LastUpgradeCheck = 1310;
				TargetAttributes = {
					3D2D19FF272DC04A008BF58D = {
						CreatedOnToolsVersion = 13.1;
					};
					3D2D1A05272DC04A008BF58D = {
						CreatedOnToolsVersion = 13.1;
					};
					3D2D1A0C272DC04A008BF58D = {
						CreatedOnToolsVersion = 13.1;
						TestTargetID = 3D2D19FF272DC04A008BF58D;
					};
					3D2D1A18272DC04A008BF58D = {
						CreatedOnToolsVersion = 13.1;
						TestTargetID = 3D2D1A05272DC04A008BF58D;
					};
				};
			};
			buildConfigurationList = 3D2D19F4272DC049008BF58D /* Build configuration list for PBXProject "GoodServiceIO-Simple" */;
			compatibilityVersion = "Xcode 13.0";
			developmentRegion = en;
			hasScannedForEncodings = 0;
			knownRegions = (
				en,
				Base,
			);
			mainGroup = 3D2D19F0272DC049008BF58D;
			packageReferences = (
				3D20AD232762454F00DC288E /* XCRemoteSwiftPackageReference "WrappingHStack" */,
			);
			productRefGroup = 3D2D1A01272DC04A008BF58D /* Products */;
			projectDirPath = "";
			projectRoot = "";
			targets = (
				3D2D19FF272DC04A008BF58D /* GoodServiceIO-Simple (iOS) */,
				3D2D1A05272DC04A008BF58D /* GoodServiceIO-Simple (macOS) */,
				3D2D1A0C272DC04A008BF58D /* Tests iOS */,
				3D2D1A18272DC04A008BF58D /* Tests macOS */,
			);
		};
/* End PBXProject section */

/* Begin PBXResourcesBuildPhase section */
		3D2D19FE272DC04A008BF58D /* Resources */ = {
			isa = PBXResourcesBuildPhase;
			buildActionMask = 2147483647;
			files = (
				3D8AE499277C2E7100079C6B /* stop.json in Resources */,
				3D2D1A29272DC04A008BF58D /* Assets.xcassets in Resources */,
				3D56A106276FBEAA00E65748 /* route.json in Resources */,
				3DF62F79272EEE230053D299 /* routes.json in Resources */,
				3DF62F7B272EEE370053D299 /* stops.json in Resources */,
			);
			runOnlyForDeploymentPostprocessing = 0;
		};
		3D2D1A04272DC04A008BF58D /* Resources */ = {
			isa = PBXResourcesBuildPhase;
			buildActionMask = 2147483647;
			files = (
				3D2D1A2A272DC04A008BF58D /* Assets.xcassets in Resources */,
			);
			runOnlyForDeploymentPostprocessing = 0;
		};
		3D2D1A0B272DC04A008BF58D /* Resources */ = {
			isa = PBXResourcesBuildPhase;
			buildActionMask = 2147483647;
			files = (
			);
			runOnlyForDeploymentPostprocessing = 0;
		};
		3D2D1A17272DC04A008BF58D /* Resources */ = {
			isa = PBXResourcesBuildPhase;
			buildActionMask = 2147483647;
			files = (
			);
			runOnlyForDeploymentPostprocessing = 0;
		};
/* End PBXResourcesBuildPhase section */

/* Begin PBXSourcesBuildPhase section */
		3D2D19FC272DC04A008BF58D /* Sources */ = {
			isa = PBXSourcesBuildPhase;
			buildActionMask = 2147483647;
			files = (
				3D2D1A23272DC04A008BF58D /* GoodServiceIO_SimpleApp.swift in Sources */,
				3D56A0FB276EA0CA00E65748 /* RouteDetailView.swift in Sources */,
				3D2D1A27272DC04A008BF58D /* Persistence.swift in Sources */,
				3D8AE49B277C2EBC00079C6B /* StopDetailResponse.swift in Sources */,
				3D20AD2227543E6800DC288E /* RouteViewModel.swift in Sources */,
				3D8AE493277C1F7400079C6B /* StationListTab.swift in Sources */,
				3D2D1A21272DC04A008BF58D /* GoodServiceIO_Simple.xcdatamodeld in Sources */,
				3D20AD1A274C65B200DC288E /* HorizontalRouteListView.swift in Sources */,
				3D8AE495277C22FD00079C6B /* StationViewModel.swift in Sources */,
				3DF62F77272EEDE00053D299 /* TestData.swift in Sources */,
				3D1DFD812763A6C80036DDAF /* RouteListTab.swift in Sources */,
				3DF62F74272EEBDA0053D299 /* GoodServiceFetcher.swift in Sources */,
				3D20AD1D274C664D00DC288E /* GoodServiceViewModel.swift in Sources */,
				3D56A0FE276F8FA600E65748 /* RouteIconView.swift in Sources */,
				3D20AD2027542B4300DC288E /* Extensions.swift in Sources */,
				3D56A104276FBB9F00E65748 /* RouteDetailViewModel.swift in Sources */,
				3DF62F81273382580053D299 /* GoodServiceError.swift in Sources */,
				3D0362322765BBC80026ED8B /* GoodServiceHeaderView.swift in Sources */,
				3DF62F7D27337C340053D299 /* RoutesResponse.swift in Sources */,
				3D8AE497277C2CA300079C6B /* StationDetailViewModel.swift in Sources */,
				3DF62F7F27337F670053D299 /* StopsResponse.swift in Sources */,
				3D56A102276FBB4600E65748 /* RouteDetailResponse.swift in Sources */,
				3D0362302765139B0026ED8B /* RouteStatusView.swift in Sources */,
				3D2D1A25272DC04A008BF58D /* ContentView.swift in Sources */,
			);
			runOnlyForDeploymentPostprocessing = 0;
		};
		3D2D1A02272DC04A008BF58D /* Sources */ = {
			isa = PBXSourcesBuildPhase;
			buildActionMask = 2147483647;
			files = (
				3D2D1A24272DC04A008BF58D /* GoodServiceIO_SimpleApp.swift in Sources */,
				3D2D1A28272DC04A008BF58D /* Persistence.swift in Sources */,
				3D2D1A22272DC04A008BF58D /* GoodServiceIO_Simple.xcdatamodeld in Sources */,
				3D2D1A26272DC04A008BF58D /* ContentView.swift in Sources */,
			);
			runOnlyForDeploymentPostprocessing = 0;
		};
		3D2D1A09272DC04A008BF58D /* Sources */ = {
			isa = PBXSourcesBuildPhase;
			buildActionMask = 2147483647;
			files = (
				3D2D1A14272DC04A008BF58D /* Tests_iOSLaunchTests.swift in Sources */,
				3D2D1A12272DC04A008BF58D /* Tests_iOS.swift in Sources */,
			);
			runOnlyForDeploymentPostprocessing = 0;
		};
		3D2D1A15272DC04A008BF58D /* Sources */ = {
			isa = PBXSourcesBuildPhase;
			buildActionMask = 2147483647;
			files = (
				3D2D1A20272DC04A008BF58D /* Tests_macOSLaunchTests.swift in Sources */,
				3D2D1A1E272DC04A008BF58D /* Tests_macOS.swift in Sources */,
			);
			runOnlyForDeploymentPostprocessing = 0;
		};
/* End PBXSourcesBuildPhase section */

/* Begin PBXTargetDependency section */
		3D2D1A0F272DC04A008BF58D /* PBXTargetDependency */ = {
			isa = PBXTargetDependency;
			target = 3D2D19FF272DC04A008BF58D /* GoodServiceIO-Simple (iOS) */;
			targetProxy = 3D2D1A0E272DC04A008BF58D /* PBXContainerItemProxy */;
		};
		3D2D1A1B272DC04A008BF58D /* PBXTargetDependency */ = {
			isa = PBXTargetDependency;
			target = 3D2D1A05272DC04A008BF58D /* GoodServiceIO-Simple (macOS) */;
			targetProxy = 3D2D1A1A272DC04A008BF58D /* PBXContainerItemProxy */;
		};
/* End PBXTargetDependency section */

/* Begin XCBuildConfiguration section */
		3D2D1A2B272DC04A008BF58D /* Debug */ = {
			isa = XCBuildConfiguration;
			buildSettings = {
				ALWAYS_SEARCH_USER_PATHS = NO;
				CLANG_ANALYZER_NONNULL = YES;
				CLANG_ANALYZER_NUMBER_OBJECT_CONVERSION = YES_AGGRESSIVE;
				CLANG_CXX_LANGUAGE_STANDARD = "gnu++17";
				CLANG_CXX_LIBRARY = "libc++";
				CLANG_ENABLE_MODULES = YES;
				CLANG_ENABLE_OBJC_ARC = YES;
				CLANG_ENABLE_OBJC_WEAK = YES;
				CLANG_WARN_BLOCK_CAPTURE_AUTORELEASING = YES;
				CLANG_WARN_BOOL_CONVERSION = YES;
				CLANG_WARN_COMMA = YES;
				CLANG_WARN_CONSTANT_CONVERSION = YES;
				CLANG_WARN_DEPRECATED_OBJC_IMPLEMENTATIONS = YES;
				CLANG_WARN_DIRECT_OBJC_ISA_USAGE = YES_ERROR;
				CLANG_WARN_DOCUMENTATION_COMMENTS = YES;
				CLANG_WARN_EMPTY_BODY = YES;
				CLANG_WARN_ENUM_CONVERSION = YES;
				CLANG_WARN_INFINITE_RECURSION = YES;
				CLANG_WARN_INT_CONVERSION = YES;
				CLANG_WARN_NON_LITERAL_NULL_CONVERSION = YES;
				CLANG_WARN_OBJC_IMPLICIT_RETAIN_SELF = YES;
				CLANG_WARN_OBJC_LITERAL_CONVERSION = YES;
				CLANG_WARN_OBJC_ROOT_CLASS = YES_ERROR;
				CLANG_WARN_QUOTED_INCLUDE_IN_FRAMEWORK_HEADER = YES;
				CLANG_WARN_RANGE_LOOP_ANALYSIS = YES;
				CLANG_WARN_STRICT_PROTOTYPES = YES;
				CLANG_WARN_SUSPICIOUS_MOVE = YES;
				CLANG_WARN_UNGUARDED_AVAILABILITY = YES_AGGRESSIVE;
				CLANG_WARN_UNREACHABLE_CODE = YES;
				CLANG_WARN__DUPLICATE_METHOD_MATCH = YES;
				COPY_PHASE_STRIP = NO;
				DEBUG_INFORMATION_FORMAT = dwarf;
				ENABLE_STRICT_OBJC_MSGSEND = YES;
				ENABLE_TESTABILITY = YES;
				GCC_C_LANGUAGE_STANDARD = gnu11;
				GCC_DYNAMIC_NO_PIC = NO;
				GCC_NO_COMMON_BLOCKS = YES;
				GCC_OPTIMIZATION_LEVEL = 0;
				GCC_PREPROCESSOR_DEFINITIONS = (
					"DEBUG=1",
					"$(inherited)",
				);
				GCC_WARN_64_TO_32_BIT_CONVERSION = YES;
				GCC_WARN_ABOUT_RETURN_TYPE = YES_ERROR;
				GCC_WARN_UNDECLARED_SELECTOR = YES;
				GCC_WARN_UNINITIALIZED_AUTOS = YES_AGGRESSIVE;
				GCC_WARN_UNUSED_FUNCTION = YES;
				GCC_WARN_UNUSED_VARIABLE = YES;
				MTL_ENABLE_DEBUG_INFO = INCLUDE_SOURCE;
				MTL_FAST_MATH = YES;
				ONLY_ACTIVE_ARCH = YES;
				SWIFT_ACTIVE_COMPILATION_CONDITIONS = DEBUG;
				SWIFT_OPTIMIZATION_LEVEL = "-Onone";
			};
			name = Debug;
		};
		3D2D1A2C272DC04A008BF58D /* Release */ = {
			isa = XCBuildConfiguration;
			buildSettings = {
				ALWAYS_SEARCH_USER_PATHS = NO;
				CLANG_ANALYZER_NONNULL = YES;
				CLANG_ANALYZER_NUMBER_OBJECT_CONVERSION = YES_AGGRESSIVE;
				CLANG_CXX_LANGUAGE_STANDARD = "gnu++17";
				CLANG_CXX_LIBRARY = "libc++";
				CLANG_ENABLE_MODULES = YES;
				CLANG_ENABLE_OBJC_ARC = YES;
				CLANG_ENABLE_OBJC_WEAK = YES;
				CLANG_WARN_BLOCK_CAPTURE_AUTORELEASING = YES;
				CLANG_WARN_BOOL_CONVERSION = YES;
				CLANG_WARN_COMMA = YES;
				CLANG_WARN_CONSTANT_CONVERSION = YES;
				CLANG_WARN_DEPRECATED_OBJC_IMPLEMENTATIONS = YES;
				CLANG_WARN_DIRECT_OBJC_ISA_USAGE = YES_ERROR;
				CLANG_WARN_DOCUMENTATION_COMMENTS = YES;
				CLANG_WARN_EMPTY_BODY = YES;
				CLANG_WARN_ENUM_CONVERSION = YES;
				CLANG_WARN_INFINITE_RECURSION = YES;
				CLANG_WARN_INT_CONVERSION = YES;
				CLANG_WARN_NON_LITERAL_NULL_CONVERSION = YES;
				CLANG_WARN_OBJC_IMPLICIT_RETAIN_SELF = YES;
				CLANG_WARN_OBJC_LITERAL_CONVERSION = YES;
				CLANG_WARN_OBJC_ROOT_CLASS = YES_ERROR;
				CLANG_WARN_QUOTED_INCLUDE_IN_FRAMEWORK_HEADER = YES;
				CLANG_WARN_RANGE_LOOP_ANALYSIS = YES;
				CLANG_WARN_STRICT_PROTOTYPES = YES;
				CLANG_WARN_SUSPICIOUS_MOVE = YES;
				CLANG_WARN_UNGUARDED_AVAILABILITY = YES_AGGRESSIVE;
				CLANG_WARN_UNREACHABLE_CODE = YES;
				CLANG_WARN__DUPLICATE_METHOD_MATCH = YES;
				COPY_PHASE_STRIP = NO;
				DEBUG_INFORMATION_FORMAT = "dwarf-with-dsym";
				ENABLE_NS_ASSERTIONS = NO;
				ENABLE_STRICT_OBJC_MSGSEND = YES;
				GCC_C_LANGUAGE_STANDARD = gnu11;
				GCC_NO_COMMON_BLOCKS = YES;
				GCC_WARN_64_TO_32_BIT_CONVERSION = YES;
				GCC_WARN_ABOUT_RETURN_TYPE = YES_ERROR;
				GCC_WARN_UNDECLARED_SELECTOR = YES;
				GCC_WARN_UNINITIALIZED_AUTOS = YES_AGGRESSIVE;
				GCC_WARN_UNUSED_FUNCTION = YES;
				GCC_WARN_UNUSED_VARIABLE = YES;
				MTL_ENABLE_DEBUG_INFO = NO;
				MTL_FAST_MATH = YES;
				SWIFT_COMPILATION_MODE = wholemodule;
				SWIFT_OPTIMIZATION_LEVEL = "-O";
			};
			name = Release;
		};
		3D2D1A2E272DC04A008BF58D /* Debug */ = {
			isa = XCBuildConfiguration;
			buildSettings = {
				ASSETCATALOG_COMPILER_APPICON_NAME = AppIcon;
				ASSETCATALOG_COMPILER_GLOBAL_ACCENT_COLOR_NAME = AccentColor;
				CODE_SIGN_STYLE = Automatic;
				CURRENT_PROJECT_VERSION = 1;
				DEVELOPMENT_TEAM = 2RQ82SNR8Q;
				ENABLE_PREVIEWS = YES;
				GENERATE_INFOPLIST_FILE = YES;
				INFOPLIST_KEY_UIApplicationSceneManifest_Generation = YES;
				INFOPLIST_KEY_UIApplicationSupportsIndirectInputEvents = YES;
				INFOPLIST_KEY_UILaunchScreen_Generation = YES;
				INFOPLIST_KEY_UISupportedInterfaceOrientations_iPad = "UIInterfaceOrientationPortrait UIInterfaceOrientationPortraitUpsideDown UIInterfaceOrientationLandscapeLeft UIInterfaceOrientationLandscapeRight";
				INFOPLIST_KEY_UISupportedInterfaceOrientations_iPhone = "UIInterfaceOrientationPortrait UIInterfaceOrientationLandscapeLeft UIInterfaceOrientationLandscapeRight";
				IPHONEOS_DEPLOYMENT_TARGET = 15.0;
				LD_RUNPATH_SEARCH_PATHS = (
					"$(inherited)",
					"@executable_path/Frameworks",
				);
				MARKETING_VERSION = 1.0;
				PRODUCT_BUNDLE_IDENTIFIER = "swifty.GoodServiceIO-Simple";
				PRODUCT_NAME = "GoodServiceIO-Simple";
				SDKROOT = iphoneos;
				SWIFT_EMIT_LOC_STRINGS = YES;
				SWIFT_VERSION = 5.0;
				TARGETED_DEVICE_FAMILY = "1,2";
			};
			name = Debug;
		};
		3D2D1A2F272DC04A008BF58D /* Release */ = {
			isa = XCBuildConfiguration;
			buildSettings = {
				ASSETCATALOG_COMPILER_APPICON_NAME = AppIcon;
				ASSETCATALOG_COMPILER_GLOBAL_ACCENT_COLOR_NAME = AccentColor;
				CODE_SIGN_STYLE = Automatic;
				CURRENT_PROJECT_VERSION = 1;
				DEVELOPMENT_TEAM = 2RQ82SNR8Q;
				ENABLE_PREVIEWS = YES;
				GENERATE_INFOPLIST_FILE = YES;
				INFOPLIST_KEY_UIApplicationSceneManifest_Generation = YES;
				INFOPLIST_KEY_UIApplicationSupportsIndirectInputEvents = YES;
				INFOPLIST_KEY_UILaunchScreen_Generation = YES;
				INFOPLIST_KEY_UISupportedInterfaceOrientations_iPad = "UIInterfaceOrientationPortrait UIInterfaceOrientationPortraitUpsideDown UIInterfaceOrientationLandscapeLeft UIInterfaceOrientationLandscapeRight";
				INFOPLIST_KEY_UISupportedInterfaceOrientations_iPhone = "UIInterfaceOrientationPortrait UIInterfaceOrientationLandscapeLeft UIInterfaceOrientationLandscapeRight";
				IPHONEOS_DEPLOYMENT_TARGET = 15.0;
				LD_RUNPATH_SEARCH_PATHS = (
					"$(inherited)",
					"@executable_path/Frameworks",
				);
				MARKETING_VERSION = 1.0;
				PRODUCT_BUNDLE_IDENTIFIER = "swifty.GoodServiceIO-Simple";
				PRODUCT_NAME = "GoodServiceIO-Simple";
				SDKROOT = iphoneos;
				SWIFT_EMIT_LOC_STRINGS = YES;
				SWIFT_VERSION = 5.0;
				TARGETED_DEVICE_FAMILY = "1,2";
				VALIDATE_PRODUCT = YES;
			};
			name = Release;
		};
		3D2D1A31272DC04A008BF58D /* Debug */ = {
			isa = XCBuildConfiguration;
			buildSettings = {
				ASSETCATALOG_COMPILER_APPICON_NAME = AppIcon;
				ASSETCATALOG_COMPILER_GLOBAL_ACCENT_COLOR_NAME = AccentColor;
				CODE_SIGN_ENTITLEMENTS = macOS/macOS.entitlements;
				CODE_SIGN_STYLE = Automatic;
				COMBINE_HIDPI_IMAGES = YES;
				CURRENT_PROJECT_VERSION = 1;
				DEVELOPMENT_TEAM = 2RQ82SNR8Q;
				ENABLE_HARDENED_RUNTIME = YES;
				ENABLE_PREVIEWS = YES;
				GENERATE_INFOPLIST_FILE = YES;
				INFOPLIST_KEY_NSHumanReadableCopyright = "";
				LD_RUNPATH_SEARCH_PATHS = (
					"$(inherited)",
					"@executable_path/../Frameworks",
				);
				MACOSX_DEPLOYMENT_TARGET = 12.0;
				MARKETING_VERSION = 1.0;
				PRODUCT_BUNDLE_IDENTIFIER = "swifty.GoodServiceIO-Simple";
				PRODUCT_NAME = "GoodServiceIO-Simple";
				SDKROOT = macosx;
				SWIFT_EMIT_LOC_STRINGS = YES;
				SWIFT_VERSION = 5.0;
			};
			name = Debug;
		};
		3D2D1A32272DC04A008BF58D /* Release */ = {
			isa = XCBuildConfiguration;
			buildSettings = {
				ASSETCATALOG_COMPILER_APPICON_NAME = AppIcon;
				ASSETCATALOG_COMPILER_GLOBAL_ACCENT_COLOR_NAME = AccentColor;
				CODE_SIGN_ENTITLEMENTS = macOS/macOS.entitlements;
				CODE_SIGN_STYLE = Automatic;
				COMBINE_HIDPI_IMAGES = YES;
				CURRENT_PROJECT_VERSION = 1;
				DEVELOPMENT_TEAM = 2RQ82SNR8Q;
				ENABLE_HARDENED_RUNTIME = YES;
				ENABLE_PREVIEWS = YES;
				GENERATE_INFOPLIST_FILE = YES;
				INFOPLIST_KEY_NSHumanReadableCopyright = "";
				LD_RUNPATH_SEARCH_PATHS = (
					"$(inherited)",
					"@executable_path/../Frameworks",
				);
				MACOSX_DEPLOYMENT_TARGET = 12.0;
				MARKETING_VERSION = 1.0;
				PRODUCT_BUNDLE_IDENTIFIER = "swifty.GoodServiceIO-Simple";
				PRODUCT_NAME = "GoodServiceIO-Simple";
				SDKROOT = macosx;
				SWIFT_EMIT_LOC_STRINGS = YES;
				SWIFT_VERSION = 5.0;
			};
			name = Release;
		};
		3D2D1A34272DC04A008BF58D /* Debug */ = {
			isa = XCBuildConfiguration;
			buildSettings = {
				ALWAYS_EMBED_SWIFT_STANDARD_LIBRARIES = YES;
				CODE_SIGN_STYLE = Automatic;
				CURRENT_PROJECT_VERSION = 1;
				DEVELOPMENT_TEAM = 2RQ82SNR8Q;
				GENERATE_INFOPLIST_FILE = YES;
				IPHONEOS_DEPLOYMENT_TARGET = 15.0;
				LD_RUNPATH_SEARCH_PATHS = (
					"$(inherited)",
					"@executable_path/Frameworks",
					"@loader_path/Frameworks",
				);
				MARKETING_VERSION = 1.0;
				PRODUCT_BUNDLE_IDENTIFIER = "swifty.Tests-iOS";
				PRODUCT_NAME = "$(TARGET_NAME)";
				SDKROOT = iphoneos;
				SWIFT_EMIT_LOC_STRINGS = NO;
				SWIFT_VERSION = 5.0;
				TARGETED_DEVICE_FAMILY = "1,2";
				TEST_TARGET_NAME = "GoodServiceIO-Simple (iOS)";
			};
			name = Debug;
		};
		3D2D1A35272DC04A008BF58D /* Release */ = {
			isa = XCBuildConfiguration;
			buildSettings = {
				ALWAYS_EMBED_SWIFT_STANDARD_LIBRARIES = YES;
				CODE_SIGN_STYLE = Automatic;
				CURRENT_PROJECT_VERSION = 1;
				DEVELOPMENT_TEAM = 2RQ82SNR8Q;
				GENERATE_INFOPLIST_FILE = YES;
				IPHONEOS_DEPLOYMENT_TARGET = 15.0;
				LD_RUNPATH_SEARCH_PATHS = (
					"$(inherited)",
					"@executable_path/Frameworks",
					"@loader_path/Frameworks",
				);
				MARKETING_VERSION = 1.0;
				PRODUCT_BUNDLE_IDENTIFIER = "swifty.Tests-iOS";
				PRODUCT_NAME = "$(TARGET_NAME)";
				SDKROOT = iphoneos;
				SWIFT_EMIT_LOC_STRINGS = NO;
				SWIFT_VERSION = 5.0;
				TARGETED_DEVICE_FAMILY = "1,2";
				TEST_TARGET_NAME = "GoodServiceIO-Simple (iOS)";
				VALIDATE_PRODUCT = YES;
			};
			name = Release;
		};
		3D2D1A37272DC04A008BF58D /* Debug */ = {
			isa = XCBuildConfiguration;
			buildSettings = {
				ALWAYS_EMBED_SWIFT_STANDARD_LIBRARIES = YES;
				CODE_SIGN_STYLE = Automatic;
				COMBINE_HIDPI_IMAGES = YES;
				CURRENT_PROJECT_VERSION = 1;
				DEVELOPMENT_TEAM = 2RQ82SNR8Q;
				GENERATE_INFOPLIST_FILE = YES;
				LD_RUNPATH_SEARCH_PATHS = (
					"$(inherited)",
					"@executable_path/../Frameworks",
					"@loader_path/../Frameworks",
				);
				MACOSX_DEPLOYMENT_TARGET = 12.0;
				MARKETING_VERSION = 1.0;
				PRODUCT_BUNDLE_IDENTIFIER = "swifty.Tests-macOS";
				PRODUCT_NAME = "$(TARGET_NAME)";
				SDKROOT = macosx;
				SWIFT_EMIT_LOC_STRINGS = NO;
				SWIFT_VERSION = 5.0;
				TEST_TARGET_NAME = "GoodServiceIO-Simple (macOS)";
			};
			name = Debug;
		};
		3D2D1A38272DC04A008BF58D /* Release */ = {
			isa = XCBuildConfiguration;
			buildSettings = {
				ALWAYS_EMBED_SWIFT_STANDARD_LIBRARIES = YES;
				CODE_SIGN_STYLE = Automatic;
				COMBINE_HIDPI_IMAGES = YES;
				CURRENT_PROJECT_VERSION = 1;
				DEVELOPMENT_TEAM = 2RQ82SNR8Q;
				GENERATE_INFOPLIST_FILE = YES;
				LD_RUNPATH_SEARCH_PATHS = (
					"$(inherited)",
					"@executable_path/../Frameworks",
					"@loader_path/../Frameworks",
				);
				MACOSX_DEPLOYMENT_TARGET = 12.0;
				MARKETING_VERSION = 1.0;
				PRODUCT_BUNDLE_IDENTIFIER = "swifty.Tests-macOS";
				PRODUCT_NAME = "$(TARGET_NAME)";
				SDKROOT = macosx;
				SWIFT_EMIT_LOC_STRINGS = NO;
				SWIFT_VERSION = 5.0;
				TEST_TARGET_NAME = "GoodServiceIO-Simple (macOS)";
			};
			name = Release;
		};
/* End XCBuildConfiguration section */

/* Begin XCConfigurationList section */
		3D2D19F4272DC049008BF58D /* Build configuration list for PBXProject "GoodServiceIO-Simple" */ = {
			isa = XCConfigurationList;
			buildConfigurations = (
				3D2D1A2B272DC04A008BF58D /* Debug */,
				3D2D1A2C272DC04A008BF58D /* Release */,
			);
			defaultConfigurationIsVisible = 0;
			defaultConfigurationName = Release;
		};
		3D2D1A2D272DC04A008BF58D /* Build configuration list for PBXNativeTarget "GoodServiceIO-Simple (iOS)" */ = {
			isa = XCConfigurationList;
			buildConfigurations = (
				3D2D1A2E272DC04A008BF58D /* Debug */,
				3D2D1A2F272DC04A008BF58D /* Release */,
			);
			defaultConfigurationIsVisible = 0;
			defaultConfigurationName = Release;
		};
		3D2D1A30272DC04A008BF58D /* Build configuration list for PBXNativeTarget "GoodServiceIO-Simple (macOS)" */ = {
			isa = XCConfigurationList;
			buildConfigurations = (
				3D2D1A31272DC04A008BF58D /* Debug */,
				3D2D1A32272DC04A008BF58D /* Release */,
			);
			defaultConfigurationIsVisible = 0;
			defaultConfigurationName = Release;
		};
		3D2D1A33272DC04A008BF58D /* Build configuration list for PBXNativeTarget "Tests iOS" */ = {
			isa = XCConfigurationList;
			buildConfigurations = (
				3D2D1A34272DC04A008BF58D /* Debug */,
				3D2D1A35272DC04A008BF58D /* Release */,
			);
			defaultConfigurationIsVisible = 0;
			defaultConfigurationName = Release;
		};
		3D2D1A36272DC04A008BF58D /* Build configuration list for PBXNativeTarget "Tests macOS" */ = {
			isa = XCConfigurationList;
			buildConfigurations = (
				3D2D1A37272DC04A008BF58D /* Debug */,
				3D2D1A38272DC04A008BF58D /* Release */,
			);
			defaultConfigurationIsVisible = 0;
			defaultConfigurationName = Release;
		};
/* End XCConfigurationList section */

/* Begin XCRemoteSwiftPackageReference section */
		3D20AD232762454F00DC288E /* XCRemoteSwiftPackageReference "WrappingHStack" */ = {
			isa = XCRemoteSwiftPackageReference;
			repositoryURL = "https://github.com/dkk/WrappingHStack";
			requirement = {
				kind = upToNextMajorVersion;
				minimumVersion = 2.0.0;
			};
		};
/* End XCRemoteSwiftPackageReference section */

/* Begin XCSwiftPackageProductDependency section */
		3D20AD242762454F00DC288E /* WrappingHStack */ = {
			isa = XCSwiftPackageProductDependency;
			package = 3D20AD232762454F00DC288E /* XCRemoteSwiftPackageReference "WrappingHStack" */;
			productName = WrappingHStack;
		};
/* End XCSwiftPackageProductDependency section */

/* Begin XCVersionGroup section */
		3D2D19F6272DC049008BF58D /* GoodServiceIO_Simple.xcdatamodeld */ = {
			isa = XCVersionGroup;
			children = (
				3D2D19F7272DC049008BF58D /* Shared.xcdatamodel */,
			);
			currentVersion = 3D2D19F7272DC049008BF58D /* Shared.xcdatamodel */;
			path = GoodServiceIO_Simple.xcdatamodeld;
			sourceTree = "<group>";
			versionGroupType = wrapper.xcdatamodel;
		};
/* End XCVersionGroup section */
	};
	rootObject = 3D2D19F1272DC049008BF58D /* Project object */;
}
